
Microsoft Visual Studio Solution File, Format Version 12.00
# Visual Studio Version 16
VisualStudioVersion = 25.0.1706.1
MinimumVisualStudioVersion = 10.0.40219.1
Project("{FAE04EC0-301F-11D3-BF4B-00C04F79EFBC}") = "AccountManagementService", "AccountManagementService\AccountManagementService.csproj", "{9652AF73-2A5F-4C76-B2D8-4D671D73262C}"
EndProject
Project("{FAE04EC0-301F-11D3-BF4B-00C04F79EFBC}") = "Gateway", "Gateway\Gateway.csproj", "{5AA415B6-AC82-45C0-BB83-0176B7B0FC96}"
EndProject
Project("{FAE04EC0-301F-11D3-BF4B-00C04F79EFBC}") = "IdentityService", "IdentityService\IdentityService.csproj", "{40575765-4D81-4076-B9D3-34B47F6F4338}"
EndProject
Global
	GlobalSection(SolutionConfigurationPlatforms) = preSolution
		Debug|Any CPU = Debug|Any CPU
		Release|Any CPU = Release|Any CPU
	EndGlobalSection
	GlobalSection(ProjectConfigurationPlatforms) = postSolution
		{9652AF73-2A5F-4C76-B2D8-4D671D73262C}.Debug|Any CPU.ActiveCfg = Debug|Any CPU
		{9652AF73-2A5F-4C76-B2D8-4D671D73262C}.Debug|Any CPU.Build.0 = Debug|Any CPU
		{9652AF73-2A5F-4C76-B2D8-4D671D73262C}.Release|Any CPU.ActiveCfg = Release|Any CPU
		{9652AF73-2A5F-4C76-B2D8-4D671D73262C}.Release|Any CPU.Build.0 = Release|Any CPU
		{5AA415B6-AC82-45C0-BB83-0176B7B0FC96}.Debug|Any CPU.ActiveCfg = Debug|Any CPU
		{5AA415B6-AC82-45C0-BB83-0176B7B0FC96}.Debug|Any CPU.Build.0 = Debug|Any CPU
		{5AA415B6-AC82-45C0-BB83-0176B7B0FC96}.Release|Any CPU.ActiveCfg = Release|Any CPU
		{5AA415B6-AC82-45C0-BB83-0176B7B0FC96}.Release|Any CPU.Build.0 = Release|Any CPU
		{40575765-4D81-4076-B9D3-34B47F6F4338}.Debug|Any CPU.ActiveCfg = Debug|Any CPU
		{40575765-4D81-4076-B9D3-34B47F6F4338}.Debug|Any CPU.Build.0 = Debug|Any CPU
		{40575765-4D81-4076-B9D3-34B47F6F4338}.Release|Any CPU.ActiveCfg = Release|Any CPU
		{40575765-4D81-4076-B9D3-34B47F6F4338}.Release|Any CPU.Build.0 = Release|Any CPU
	EndGlobalSection
	GlobalSection(SolutionProperties) = preSolution
		HideSolutionNode = FALSE
	EndGlobalSection
	GlobalSection(ExtensibilityGlobals) = postSolution
		SolutionGuid = {0D8AD98D-671C-470A-BF0C-CD33C5AA51E3}
	EndGlobalSection
EndGlobal
